
Microsoft Visual Studio Solution File, Format Version 12.00
# Visual Studio Version 17
VisualStudioVersion = 17.7.34031.279
MinimumVisualStudioVersion = 10.0.40219.1
Project("{9A19103F-16F7-4668-BE54-9A1E7A4F7556}") = "SolveMeFirst", "SolveMeFirst\SolveMeFirst.csproj", "{7E5A64A9-420C-4D8A-A1CD-28291B154089}"
EndProject
Project("{9A19103F-16F7-4668-BE54-9A1E7A4F7556}") = "SimpleArraySum", "SimpleArraySum\SimpleArraySum.csproj", "{9EC08192-6B49-4B9B-A943-154D55F04C40}"
EndProject
Project("{9A19103F-16F7-4668-BE54-9A1E7A4F7556}") = "AVeryBigSum", "AVeryBigSum\AVeryBigSum.csproj", "{55D69319-822D-40E2-B1E9-FCE466228575}"
EndProject
Project("{2150E333-8FDC-42A3-9474-1A3956D46DE8}") = "Algorithms", "Algorithms", "{2F2B77D9-903F-4C32-997F-16275FE44D67}"
EndProject
Project("{2150E333-8FDC-42A3-9474-1A3956D46DE8}") = "DataStructures", "DataStructures", "{BBC70CB2-54B1-455C-B286-6FE0AB586974}"
EndProject
Project("{9A19103F-16F7-4668-BE54-9A1E7A4F7556}") = "ArrayDs", "ArrayDs\ArrayDs.csproj", "{095DBFB7-B863-4FB0-95B1-FF1C2D76BD47}"
EndProject
Project("{9A19103F-16F7-4668-BE54-9A1E7A4F7556}") = "DiagonalDifference", "DiagonalDifference\DiagonalDifference.csproj", "{B823BEE0-7DDC-4F2C-826B-AC1603674350}"
EndProject
Project("{9A19103F-16F7-4668-BE54-9A1E7A4F7556}") = "CompareTheTriplets", "CompareTheTriplets\CompareTheTriplets.csproj", "{787E1192-801E-4058-B20F-93E904E01E34}"
EndProject
Project("{9A19103F-16F7-4668-BE54-9A1E7A4F7556}") = "PlusMinus", "PlusMinus\PlusMinus.csproj", "{CA604FBD-7023-4808-A881-5102D5B38651}"
EndProject
Project("{9A19103F-16F7-4668-BE54-9A1E7A4F7556}") = "Mini-MaxSum", "Mini-MaxSum\Mini-MaxSum.csproj", "{10B6C1C0-4D99-4F95-9552-BF9239C4C6E0}"
EndProject
Project("{9A19103F-16F7-4668-BE54-9A1E7A4F7556}") = "StaircaseDetail", "StaircaseDetail\StaircaseDetail.csproj", "{B90E676C-BC8A-4CBA-86E5-A90286C961FD}"
EndProject
Project("{9A19103F-16F7-4668-BE54-9A1E7A4F7556}") = "BirthdayCakeCandles", "BirthdayCakeCandles\BirthdayCakeCandles.csproj", "{16949830-DD17-43B4-A266-1E778C7C5108}"
EndProject
Project("{FAE04EC0-301F-11D3-BF4B-00C04F79EFBC}") = "TimeConversion", "TimeConversion\TimeConversion.csproj", "{BC65444D-98FD-427C-90E0-9ED88B3847B7}"
EndProject
Global
	GlobalSection(SolutionConfigurationPlatforms) = preSolution
		Debug|Any CPU = Debug|Any CPU
		Release|Any CPU = Release|Any CPU
	EndGlobalSection
	GlobalSection(ProjectConfigurationPlatforms) = postSolution
		{7E5A64A9-420C-4D8A-A1CD-28291B154089}.Debug|Any CPU.ActiveCfg = Debug|Any CPU
		{7E5A64A9-420C-4D8A-A1CD-28291B154089}.Debug|Any CPU.Build.0 = Debug|Any CPU
		{7E5A64A9-420C-4D8A-A1CD-28291B154089}.Release|Any CPU.ActiveCfg = Release|Any CPU
		{7E5A64A9-420C-4D8A-A1CD-28291B154089}.Release|Any CPU.Build.0 = Release|Any CPU
		{9EC08192-6B49-4B9B-A943-154D55F04C40}.Debug|Any CPU.ActiveCfg = Debug|Any CPU
		{9EC08192-6B49-4B9B-A943-154D55F04C40}.Debug|Any CPU.Build.0 = Debug|Any CPU
		{9EC08192-6B49-4B9B-A943-154D55F04C40}.Release|Any CPU.ActiveCfg = Release|Any CPU
		{9EC08192-6B49-4B9B-A943-154D55F04C40}.Release|Any CPU.Build.0 = Release|Any CPU
		{55D69319-822D-40E2-B1E9-FCE466228575}.Debug|Any CPU.ActiveCfg = Debug|Any CPU
		{55D69319-822D-40E2-B1E9-FCE466228575}.Debug|Any CPU.Build.0 = Debug|Any CPU
		{55D69319-822D-40E2-B1E9-FCE466228575}.Release|Any CPU.ActiveCfg = Release|Any CPU
		{55D69319-822D-40E2-B1E9-FCE466228575}.Release|Any CPU.Build.0 = Release|Any CPU
		{095DBFB7-B863-4FB0-95B1-FF1C2D76BD47}.Debug|Any CPU.ActiveCfg = Debug|Any CPU
		{095DBFB7-B863-4FB0-95B1-FF1C2D76BD47}.Debug|Any CPU.Build.0 = Debug|Any CPU
		{095DBFB7-B863-4FB0-95B1-FF1C2D76BD47}.Release|Any CPU.ActiveCfg = Release|Any CPU
		{095DBFB7-B863-4FB0-95B1-FF1C2D76BD47}.Release|Any CPU.Build.0 = Release|Any CPU
		{B823BEE0-7DDC-4F2C-826B-AC1603674350}.Debug|Any CPU.ActiveCfg = Debug|Any CPU
		{B823BEE0-7DDC-4F2C-826B-AC1603674350}.Debug|Any CPU.Build.0 = Debug|Any CPU
		{B823BEE0-7DDC-4F2C-826B-AC1603674350}.Release|Any CPU.ActiveCfg = Release|Any CPU
		{B823BEE0-7DDC-4F2C-826B-AC1603674350}.Release|Any CPU.Build.0 = Release|Any CPU
		{787E1192-801E-4058-B20F-93E904E01E34}.Debug|Any CPU.ActiveCfg = Debug|Any CPU
		{787E1192-801E-4058-B20F-93E904E01E34}.Debug|Any CPU.Build.0 = Debug|Any CPU
		{787E1192-801E-4058-B20F-93E904E01E34}.Release|Any CPU.ActiveCfg = Release|Any CPU
		{787E1192-801E-4058-B20F-93E904E01E34}.Release|Any CPU.Build.0 = Release|Any CPU
		{CA604FBD-7023-4808-A881-5102D5B38651}.Debug|Any CPU.ActiveCfg = Debug|Any CPU
		{CA604FBD-7023-4808-A881-5102D5B38651}.Debug|Any CPU.Build.0 = Debug|Any CPU
		{CA604FBD-7023-4808-A881-5102D5B38651}.Release|Any CPU.ActiveCfg = Release|Any CPU
		{CA604FBD-7023-4808-A881-5102D5B38651}.Release|Any CPU.Build.0 = Release|Any CPU
		{10B6C1C0-4D99-4F95-9552-BF9239C4C6E0}.Debug|Any CPU.ActiveCfg = Debug|Any CPU
		{10B6C1C0-4D99-4F95-9552-BF9239C4C6E0}.Debug|Any CPU.Build.0 = Debug|Any CPU
		{10B6C1C0-4D99-4F95-9552-BF9239C4C6E0}.Release|Any CPU.ActiveCfg = Release|Any CPU
		{10B6C1C0-4D99-4F95-9552-BF9239C4C6E0}.Release|Any CPU.Build.0 = Release|Any CPU
		{B90E676C-BC8A-4CBA-86E5-A90286C961FD}.Debug|Any CPU.ActiveCfg = Debug|Any CPU
		{B90E676C-BC8A-4CBA-86E5-A90286C961FD}.Debug|Any CPU.Build.0 = Debug|Any CPU
		{B90E676C-BC8A-4CBA-86E5-A90286C961FD}.Release|Any CPU.ActiveCfg = Release|Any CPU
		{B90E676C-BC8A-4CBA-86E5-A90286C961FD}.Release|Any CPU.Build.0 = Release|Any CPU
		{16949830-DD17-43B4-A266-1E778C7C5108}.Debug|Any CPU.ActiveCfg = Debug|Any CPU
		{16949830-DD17-43B4-A266-1E778C7C5108}.Debug|Any CPU.Build.0 = Debug|Any CPU
		{16949830-DD17-43B4-A266-1E778C7C5108}.Release|Any CPU.ActiveCfg = Release|Any CPU
		{16949830-DD17-43B4-A266-1E778C7C5108}.Release|Any CPU.Build.0 = Release|Any CPU
		{BC65444D-98FD-427C-90E0-9ED88B3847B7}.Debug|Any CPU.ActiveCfg = Debug|Any CPU
		{BC65444D-98FD-427C-90E0-9ED88B3847B7}.Debug|Any CPU.Build.0 = Debug|Any CPU
		{BC65444D-98FD-427C-90E0-9ED88B3847B7}.Release|Any CPU.ActiveCfg = Release|Any CPU
		{BC65444D-98FD-427C-90E0-9ED88B3847B7}.Release|Any CPU.Build.0 = Release|Any CPU
	EndGlobalSection
	GlobalSection(SolutionProperties) = preSolution
		HideSolutionNode = FALSE
	EndGlobalSection
	GlobalSection(NestedProjects) = preSolution
		{7E5A64A9-420C-4D8A-A1CD-28291B154089} = {2F2B77D9-903F-4C32-997F-16275FE44D67}
		{9EC08192-6B49-4B9B-A943-154D55F04C40} = {2F2B77D9-903F-4C32-997F-16275FE44D67}
		{55D69319-822D-40E2-B1E9-FCE466228575} = {2F2B77D9-903F-4C32-997F-16275FE44D67}
		{095DBFB7-B863-4FB0-95B1-FF1C2D76BD47} = {BBC70CB2-54B1-455C-B286-6FE0AB586974}
		{B823BEE0-7DDC-4F2C-826B-AC1603674350} = {2F2B77D9-903F-4C32-997F-16275FE44D67}
		{787E1192-801E-4058-B20F-93E904E01E34} = {2F2B77D9-903F-4C32-997F-16275FE44D67}
		{CA604FBD-7023-4808-A881-5102D5B38651} = {2F2B77D9-903F-4C32-997F-16275FE44D67}
		{10B6C1C0-4D99-4F95-9552-BF9239C4C6E0} = {2F2B77D9-903F-4C32-997F-16275FE44D67}
		{B90E676C-BC8A-4CBA-86E5-A90286C961FD} = {2F2B77D9-903F-4C32-997F-16275FE44D67}
		{16949830-DD17-43B4-A266-1E778C7C5108} = {2F2B77D9-903F-4C32-997F-16275FE44D67}
		{BC65444D-98FD-427C-90E0-9ED88B3847B7} = {2F2B77D9-903F-4C32-997F-16275FE44D67}
	EndGlobalSection
	GlobalSection(ExtensibilityGlobals) = postSolution
		SolutionGuid = {534D8646-B531-492C-B123-970B4E6CE38C}
	EndGlobalSection
EndGlobal
